
Microsoft Visual Studio Solution File, Format Version 12.00
# Visual Studio Version 17
VisualStudioVersion = 17.11.35303.130
MinimumVisualStudioVersion = 10.0.40219.1
Project("{8BC9CEB8-8B4A-11D0-8D11-00A0C91BC942}") = "Assignment5", "Assignment5.vcxproj", "{90A57ADA-F2BA-4834-8BED-0A5EB21ECD89}"
EndProject
Global
	GlobalSection(SolutionConfigurationPlatforms) = preSolution
		Debug|x64 = Debug|x64
		Debug|x86 = Debug|x86
		Release|x64 = Release|x64
		Release|x86 = Release|x86
	EndGlobalSection
	GlobalSection(ProjectConfigurationPlatforms) = postSolution
		{90A57ADA-F2BA-4834-8BED-0A5EB21ECD89}.Debug|x64.ActiveCfg = Debug|x64
		{90A57ADA-F2BA-4834-8BED-0A5EB21ECD89}.Debug|x64.Build.0 = Debug|x64
		{90A57ADA-F2BA-4834-8BED-0A5EB21ECD89}.Debug|x86.ActiveCfg = Debug|Win32
		{90A57ADA-F2BA-4834-8BED-0A5EB21ECD89}.Debug|x86.Build.0 = Debug|Win32
		{90A57ADA-F2BA-4834-8BED-0A5EB21ECD89}.Release|x64.ActiveCfg = Release|x64
		{90A57ADA-F2BA-4834-8BED-0A5EB21ECD89}.Release|x64.Build.0 = Release|x64
		{90A57ADA-F2BA-4834-8BED-0A5EB21ECD89}.Release|x86.ActiveCfg = Release|Win32
		{90A57ADA-F2BA-4834-8BED-0A5EB21ECD89}.Release|x86.Build.0 = Release|Win32
	EndGlobalSection
	GlobalSection(SolutionProperties) = preSolution
		HideSolutionNode = FALSE
	EndGlobalSection
	GlobalSection(ExtensibilityGlobals) = postSolution
		SolutionGuid = {4BAB9B4C-4ACE-4BC6-B437-B6B76073E303}
	EndGlobalSection
EndGlobal
